{
  "version": "1.0.0",
  "lockfileVersion": 1,
  "requires": true,
  "dependencies": {
    "@types/crypto-js": {
      "version": "4.1.1",
      "resolved": "https://registry.npmmirror.com/@types/crypto-js/-/crypto-js-4.1.1.tgz",
      "integrity": "sha512-BG7fQKZ689HIoc5h+6D2Dgq1fABRa0RbBWKBd9SP/MVRVXROflpm5fhwyATX5duFmbStzyzyycPB8qUYKDH3NA==",
      "dev": true
    },
    "@types/qs": {
      "version": "6.9.7",
      "resolved": "https://registry.nlark.com/@types/qs/download/@types/qs-6.9.7.tgz?cache=0&sync_timestamp=1625678732166&other_urls=https%3A%2F%2Fregistry.nlark.com%2F%40types%2Fqs%2Fdownload%2F%40types%2Fqs-6.9.7.tgz",
      "integrity": "sha1-Y7t9Bn2xB8weRXwwO8JdUR/r9ss="
    },
    "@vue/devtools-api": {
      "version": "6.0.0-beta.15",
      "resolved": "https://registry.nlark.com/@vue/devtools-api/download/@vue/devtools-api-6.0.0-beta.15.tgz",
      "integrity": "sha1-rXyzhOBi8WW8+cg3MhJb/7wq2D0="
    },
    "call-bind": {
      "version": "1.0.2",
      "resolved": "https://registry.nlark.com/call-bind/download/call-bind-1.0.2.tgz",
      "integrity": "sha1-sdTonmiBGcPJqQOtMKuy9qkZvjw=",
      "requires": {
        "function-bind": "^1.1.1",
        "get-intrinsic": "^1.0.2"
      }
    },
    "cross-env": {
      "version": "7.0.3",
      "resolved": "https://registry.nlark.com/cross-env/download/cross-env-7.0.3.tgz?cache=0&other_urls=https%3A%2F%2Fregistry.nlark.com%2Fcross-env%2Fdownload%2Fcross-env-7.0.3.tgz",
      "integrity": "sha1-hlJkspZ33AFbqEGJGJZd0jL8VM8=",
      "requires": {
        "cross-spawn": "^7.0.1"
      }
    },
    "cross-spawn": {
      "version": "7.0.3",
      "resolved": "https://registry.nlark.com/cross-spawn/download/cross-spawn-7.0.3.tgz",
      "integrity": "sha1-9zqFudXUHQRVUcF34ogtSshXKKY=",
      "requires": {
        "path-key": "^3.1.0",
        "shebang-command": "^2.0.0",
        "which": "^2.0.1"
      }
    },
    "eslint-config-prettier": {
      "version": "8.3.0",
      "resolved": "https://registry.nlark.com/eslint-config-prettier/download/eslint-config-prettier-8.3.0.tgz",
      "integrity": "sha1-90cbILb+ipqSVMxoRFQgKIai3Xo=",
      "dev": true
    },
    "function-bind": {
      "version": "1.1.1",
      "resolved": "https://registry.npm.taobao.org/function-bind/download/function-bind-1.1.1.tgz",
      "integrity": "sha1-pWiZ0+o8m6uHS7l3O3xe3pL0iV0="
    },
    "get-intrinsic": {
      "version": "1.1.1",
      "resolved": "https://registry.nlark.com/get-intrinsic/download/get-intrinsic-1.1.1.tgz",
      "integrity": "sha1-FfWfN2+FXERpY5SPDSTNNje0q8Y=",
      "requires": {
        "function-bind": "^1.1.1",
        "has": "^1.0.3",
        "has-symbols": "^1.0.1"
      }
    },
    "has": {
      "version": "1.0.3",
      "resolved": "https://registry.nlark.com/has/download/has-1.0.3.tgz",
      "integrity": "sha1-ci18v8H2qoJB8W3YFOAR4fQeh5Y=",
      "requires": {
        "function-bind": "^1.1.1"
      }
    },
    "has-symbols": {
      "version": "1.0.2",
      "resolved": "https://registry.nlark.com/has-symbols/download/has-symbols-1.0.2.tgz",
      "integrity": "sha1-Fl0wcMADCXUqEjakeTMeOsVvFCM="
    },
    "husky": {
      "version": "7.0.1",
      "resolved": "https://registry.nlark.com/husky/download/husky-7.0.1.tgz?cache=0&sync_timestamp=1625567269908&other_urls=https%3A%2F%2Fregistry.nlark.com%2Fhusky%2Fdownload%2Fhusky-7.0.1.tgz",
      "integrity": "sha1-V59BgLXaRSAmPocTzIMpQrSOHxw=",
      "dev": true
    },
    "isexe": {
      "version": "2.0.0",
      "resolved": "https://registry.nlark.com/isexe/download/isexe-2.0.0.tgz",
      "integrity": "sha1-6PvzdNxVb/iUehDcsFctYz8s+hA="
    },
    "js-cookie": {
      "version": "3.0.1",
      "resolved": "https://registry.nlark.com/js-cookie/download/js-cookie-3.0.1.tgz",
      "integrity": "sha1-njm0xsL1ZWNwjX0x9vXyGHOpJBQ="
    },
    "lib-flexible": {
      "version": "0.3.2",
      "resolved": "https://registry.npm.taobao.org/lib-flexible/download/lib-flexible-0.3.2.tgz",
      "integrity": "sha1-BvWnSDIxSi01wSA5vJw8otrqpCY="
    },
    "object-inspect": {
      "version": "1.11.0",
      "resolved": "https://registry.nlark.com/object-inspect/download/object-inspect-1.11.0.tgz?cache=0&sync_timestamp=1626120241132&other_urls=https%3A%2F%2Fregistry.nlark.com%2Fobject-inspect%2Fdownload%2Fobject-inspect-1.11.0.tgz",
      "integrity": "sha1-nc6xRs7dQUig2eUauI00z1CZIrE="
    },
    "path-key": {
      "version": "3.1.1",
      "resolved": "https://registry.npm.taobao.org/path-key/download/path-key-3.1.1.tgz?cache=0&sync_timestamp=1617971695678&other_urls=https%3A%2F%2Fregistry.npm.taobao.org%2Fpath-key%2Fdownload%2Fpath-key-3.1.1.tgz",
      "integrity": "sha1-WB9q3mWMu6ZaDTOA3ndTKVBU83U="
    },
    "postcss-pxtorem": {
      "version": "6.0.0",
      "resolved": "https://registry.nlark.com/postcss-pxtorem/download/postcss-pxtorem-6.0.0.tgz",
      "integrity": "sha1-8iik0F2Kc/BkLquulQ4rGYNjZtc="
    },
    "qs": {
      "version": "6.10.1",
      "resolved": "https://registry.nlark.com/qs/download/qs-6.10.1.tgz",
      "integrity": "sha1-STFIL6jWR6Wqt5nFJx0hM7mB+2o=",
      "requires": {
        "side-channel": "^1.0.4"
      }
    },
    "shebang-command": {
      "version": "2.0.0",
      "resolved": "https://registry.nlark.com/shebang-command/download/shebang-command-2.0.0.tgz",
      "integrity": "sha1-zNCvT4g1+9wmW4JGGq8MNmY/NOo=",
      "requires": {
        "shebang-regex": "^3.0.0"
      }
    },
    "shebang-regex": {
      "version": "3.0.0",
      "resolved": "https://registry.npm.taobao.org/shebang-regex/download/shebang-regex-3.0.0.tgz",
      "integrity": "sha1-rhbxZE2HPsrYQ7AwexQzYtTEIXI="
    },
    "side-channel": {
      "version": "1.0.4",
      "resolved": "https://registry.nlark.com/side-channel/download/side-channel-1.0.4.tgz",
      "integrity": "sha1-785cj9wQTudRslxY1CkAEfpeos8=",
      "requires": {
        "call-bind": "^1.0.0",
        "get-intrinsic": "^1.0.2",
        "object-inspect": "^1.9.0"
      }
    },
    "vite-plugin-vconsole": {
      "version": "1.1.0",
      "resolved": "https://registry.nlark.com/vite-plugin-vconsole/download/vite-plugin-vconsole-1.1.0.tgz",
      "integrity": "sha1-0GESCVXDQ8UAXWGN409plzcVZtE=",
      "dev": true
    },
    "vue-router": {
      "version": "4.0.10",
      "resolved": "https://registry.nlark.com/vue-router/download/vue-router-4.0.10.tgz",
      "integrity": "sha1-7I/aAylJsqMdMnMXD483bobrUqw=",
      "requires": {
        "@vue/devtools-api": "^6.0.0-beta.14"
      }
    },
    "which": {
      "version": "2.0.2",
      "resolved": "https://registry.nlark.com/which/download/which-2.0.2.tgz",
      "integrity": "sha1-fGqN0KY2oDJ+ELWckobu6T8/UbE=",
      "requires": {
        "isexe": "^2.0.0"
      }
    }
  }
}
